
Microsoft Visual Studio Solution File, Format Version 12.00
# Visual Studio 15
VisualStudioVersion = 15.0.27703.2047
MinimumVisualStudioVersion = 10.0.40219.1
Project("{FAE04EC0-301F-11D3-BF4B-00C04F79EFBC}") = "SlotGameModel", "SlotGameModel\SlotGameModel.csproj", "{C0A6EDA0-A9FE-4B19-A970-3EEFAB526169}"
EndProject
Project("{FAE04EC0-301F-11D3-BF4B-00C04F79EFBC}") = "TestGameModel", "TestGameModel\TestGameModel.csproj", "{8F3BBBAA-9BEF-4A61-BA39-5CDC373C17D0}"
EndProject
Project("{FAE04EC0-301F-11D3-BF4B-00C04F79EFBC}") = "SlotGameService", "SlotGameService\SlotGameService.csproj", "{C9B3848C-E25F-4AD6-BD8E-BA54C35BD4B0}"
EndProject
Global
	GlobalSection(SolutionConfigurationPlatforms) = preSolution
		Debug|Any CPU = Debug|Any CPU
		Release|Any CPU = Release|Any CPU
	EndGlobalSection
	GlobalSection(ProjectConfigurationPlatforms) = postSolution
		{C0A6EDA0-A9FE-4B19-A970-3EEFAB526169}.Debug|Any CPU.ActiveCfg = Debug|Any CPU
		{C0A6EDA0-A9FE-4B19-A970-3EEFAB526169}.Debug|Any CPU.Build.0 = Debug|Any CPU
		{C0A6EDA0-A9FE-4B19-A970-3EEFAB526169}.Release|Any CPU.ActiveCfg = Release|Any CPU
		{C0A6EDA0-A9FE-4B19-A970-3EEFAB526169}.Release|Any CPU.Build.0 = Release|Any CPU
		{8F3BBBAA-9BEF-4A61-BA39-5CDC373C17D0}.Debug|Any CPU.ActiveCfg = Debug|Any CPU
		{8F3BBBAA-9BEF-4A61-BA39-5CDC373C17D0}.Debug|Any CPU.Build.0 = Debug|Any CPU
		{8F3BBBAA-9BEF-4A61-BA39-5CDC373C17D0}.Release|Any CPU.ActiveCfg = Release|Any CPU
		{8F3BBBAA-9BEF-4A61-BA39-5CDC373C17D0}.Release|Any CPU.Build.0 = Release|Any CPU
		{C9B3848C-E25F-4AD6-BD8E-BA54C35BD4B0}.Debug|Any CPU.ActiveCfg = Debug|Any CPU
		{C9B3848C-E25F-4AD6-BD8E-BA54C35BD4B0}.Debug|Any CPU.Build.0 = Debug|Any CPU
		{C9B3848C-E25F-4AD6-BD8E-BA54C35BD4B0}.Release|Any CPU.ActiveCfg = Release|Any CPU
		{C9B3848C-E25F-4AD6-BD8E-BA54C35BD4B0}.Release|Any CPU.Build.0 = Release|Any CPU
	EndGlobalSection
	GlobalSection(SolutionProperties) = preSolution
		HideSolutionNode = FALSE
	EndGlobalSection
	GlobalSection(ExtensibilityGlobals) = postSolution
		SolutionGuid = {9B79C1B3-BEB0-4BE5-8112-E4D1350B517D}
	EndGlobalSection
EndGlobal
